
Microsoft Visual Studio Solution File, Format Version 12.00
# Visual Studio Version 16
VisualStudioVersion = 16.0.30104.148
MinimumVisualStudioVersion = 10.0.40219.1
Project("{FAE04EC0-301F-11D3-BF4B-00C04F79EFBC}") = "EstruturaMVC", "EstruturaMVC\EstruturaMVC.csproj", "{DC1842ED-D9CB-4666-9D1B-B54B9A540551}"
EndProject
Global
	GlobalSection(SolutionConfigurationPlatforms) = preSolution
		Debug|Any CPU = Debug|Any CPU
		Release|Any CPU = Release|Any CPU
	EndGlobalSection
	GlobalSection(ProjectConfigurationPlatforms) = postSolution
		{DC1842ED-D9CB-4666-9D1B-B54B9A540551}.Debug|Any CPU.ActiveCfg = Debug|Any CPU
		{DC1842ED-D9CB-4666-9D1B-B54B9A540551}.Debug|Any CPU.Build.0 = Debug|Any CPU
		{DC1842ED-D9CB-4666-9D1B-B54B9A540551}.Release|Any CPU.ActiveCfg = Release|Any CPU
		{DC1842ED-D9CB-4666-9D1B-B54B9A540551}.Release|Any CPU.Build.0 = Release|Any CPU
	EndGlobalSection
	GlobalSection(SolutionProperties) = preSolution
		HideSolutionNode = FALSE
	EndGlobalSection
	GlobalSection(ExtensibilityGlobals) = postSolution
		SolutionGuid = {48FD927A-E6FC-4DB5-9691-D7F50EF7FBAE}
	EndGlobalSection
EndGlobal
